Microsoft Visual Studio Solution File, Format Version 12.00
Project("{47561A7C-DA9A-4362-877E-BBFD35328A2B}") = "ModNameGoesHere", "ModNameGoesHere\ModNameGoesHere.csproj", "{47561A7C-DA9A-4362-877E-BBFD35328A2B}"
EndProject
Global
	GlobalSection(SolutionConfigurationPlatforms) = preSolution
		Debug|Any CPU = Debug|Any CPU
		Release|Any CPU = Release|Any CPU
	EndGlobalSection
	GlobalSection(ProjectConfigurationPlatforms) = postSolution
		{47561A7C-DA9A-4362-877E-BBFD35328A2B}.Debug|Any CPU.ActiveCfg = Debug|Any CPU
		{47561A7C-DA9A-4362-877E-BBFD35328A2B}.Debug|Any CPU.Build.0 = Debug|Any CPU
		{47561A7C-DA9A-4362-877E-BBFD35328A2B}.Release|Any CPU.ActiveCfg = Release|Any CPU
		{47561A7C-DA9A-4362-877E-BBFD35328A2B}.Release|Any CPU.Build.0 = Release|Any CPU
	EndGlobalSection
	GlobalSection(SolutionProperties) = preSolution
		HideSolutionNode = FALSE
	EndGlobalSection
	GlobalSection(ExtensibilityGlobals) = postSolution
		SolutionGuid = {47561A7C-DA9A-4362-877E-BBFD35328A2B}
	EndGlobalSection
EndGlobal
