Microsoft Visual Studio Solution File, Format Version 12.00
Project("{0398B68E-ABB8-43E7-B208-6BF3107AC1C1}") = "ScalableMaterialOrbs", "ScalableMaterialOrbs\ScalableMaterialOrbs.csproj", "{0398B68E-ABB8-43E7-B208-6BF3107AC1C1}"
EndProject
Global
	GlobalSection(SolutionConfigurationPlatforms) = preSolution
		Debug|Any CPU = Debug|Any CPU
		Release|Any CPU = Release|Any CPU
	EndGlobalSection
	GlobalSection(ProjectConfigurationPlatforms) = postSolution
		{0398B68E-ABB8-43E7-B208-6BF3107AC1C1}.Debug|Any CPU.ActiveCfg = Debug|Any CPU
		{0398B68E-ABB8-43E7-B208-6BF3107AC1C1}.Debug|Any CPU.Build.0 = Debug|Any CPU
		{0398B68E-ABB8-43E7-B208-6BF3107AC1C1}.Release|Any CPU.ActiveCfg = Release|Any CPU
		{0398B68E-ABB8-43E7-B208-6BF3107AC1C1}.Release|Any CPU.Build.0 = Release|Any CPU
	EndGlobalSection
	GlobalSection(SolutionProperties) = preSolution
		HideSolutionNode = FALSE
	EndGlobalSection
	GlobalSection(ExtensibilityGlobals) = postSolution
		SolutionGuid = {0398B68E-ABB8-43E7-B208-6BF3107AC1C1}
	EndGlobalSection
EndGlobal
